// !$*UTF8*$!
{
	archiveVersion = 1;
	classes = {
	};
	objectVersion = 50;
	objects = {

/* Begin PBXBuildFile section */
		8F10EF4523FB05C7008139ED /* WeatherDetailView.swift in Sources */ = {isa = PBXBuildFile; fileRef = 8F10EF4323FB05C7008139ED /* WeatherDetailView.swift */; };
		8F10EF4623FB05C7008139ED /* WeatherDetailView.xib in Resources */ = {isa = PBXBuildFile; fileRef = 8F10EF4423FB05C7008139ED /* WeatherDetailView.xib */; };
		8F10EF4C23FC2838008139ED /* WeatherViewController.swift in Sources */ = {isa = PBXBuildFile; fileRef = 8F10EF4B23FC2838008139ED /* WeatherViewController.swift */; };
		8F10EF5223FC2D83008139ED /* ForecastCell.swift in Sources */ = {isa = PBXBuildFile; fileRef = 8F10EF5023FC2D83008139ED /* ForecastCell.swift */; };
		8F10EF5323FC2D83008139ED /* ForecastCell.xib in Resources */ = {isa = PBXBuildFile; fileRef = 8F10EF5123FC2D83008139ED /* ForecastCell.xib */; };
		8F10EF5623FC2DBD008139ED /* ForecastHeader.swift in Sources */ = {isa = PBXBuildFile; fileRef = 8F10EF5523FC2DBD008139ED /* ForecastHeader.swift */; };
		8F10EF5823FC2DC8008139ED /* ForecastHeader.xib in Resources */ = {isa = PBXBuildFile; fileRef = 8F10EF5723FC2DC8008139ED /* ForecastHeader.xib */; };
		8F10EF5B23FC2E83008139ED /* ForecastCellModel.swift in Sources */ = {isa = PBXBuildFile; fileRef = 8F10EF5A23FC2E83008139ED /* ForecastCellModel.swift */; };
		8F10EF5D23FC2E9A008139ED /* ForecastHeaderModel.swift in Sources */ = {isa = PBXBuildFile; fileRef = 8F10EF5C23FC2E9A008139ED /* ForecastHeaderModel.swift */; };
		8F10EF5F23FC423F008139ED /* ForecastSectionModel.swift in Sources */ = {isa = PBXBuildFile; fileRef = 8F10EF5E23FC423F008139ED /* ForecastSectionModel.swift */; };
		8F10EF6123FC4E30008139ED /* Forecast.swift in Sources */ = {isa = PBXBuildFile; fileRef = 8F10EF6023FC4E30008139ED /* Forecast.swift */; };
		8FB2D10823F841A0004BAD09 /* AppDelegate.swift in Sources */ = {isa = PBXBuildFile; fileRef = 8FB2D10723F841A0004BAD09 /* AppDelegate.swift */; };
		8FB2D10A23F841A0004BAD09 /* SceneDelegate.swift in Sources */ = {isa = PBXBuildFile; fileRef = 8FB2D10923F841A0004BAD09 /* SceneDelegate.swift */; };
		8FB2D10C23F841A0004BAD09 /* WeatherController.swift in Sources */ = {isa = PBXBuildFile; fileRef = 8FB2D10B23F841A0004BAD09 /* WeatherController.swift */; };
		8FB2D11123F841A2004BAD09 /* Assets.xcassets in Resources */ = {isa = PBXBuildFile; fileRef = 8FB2D11023F841A2004BAD09 /* Assets.xcassets */; };
		8FB2D11423F841A2004BAD09 /* LaunchScreen.storyboard in Resources */ = {isa = PBXBuildFile; fileRef = 8FB2D11223F841A2004BAD09 /* LaunchScreen.storyboard */; };
		8FB2D11D23F8549D004BAD09 /* TodayViewController.swift in Sources */ = {isa = PBXBuildFile; fileRef = 8FB2D11C23F8549D004BAD09 /* TodayViewController.swift */; };
		8FB2D11F23F854A8004BAD09 /* ForecastViewController.swift in Sources */ = {isa = PBXBuildFile; fileRef = 8FB2D11E23F854A8004BAD09 /* ForecastViewController.swift */; };
		8FC2160023F955F500AD8036 /* CurrentWeather.swift in Sources */ = {isa = PBXBuildFile; fileRef = 8FC215FF23F955F500AD8036 /* CurrentWeather.swift */; };
		8FC7850123FAF40900EB4B6F /* Main.storyboard in Resources */ = {isa = PBXBuildFile; fileRef = 8FC7850023FAF40900EB4B6F /* Main.storyboard */; };
/* End PBXBuildFile section */

/* Begin PBXFileReference section */
		8F10EF4323FB05C7008139ED /* WeatherDetailView.swift */ = {isa = PBXFileReference; lastKnownFileType = sourcecode.swift; path = WeatherDetailView.swift; sourceTree = "<group>"; };
		8F10EF4423FB05C7008139ED /* WeatherDetailView.xib */ = {isa = PBXFileReference; lastKnownFileType = file.xib; path = WeatherDetailView.xib; sourceTree = "<group>"; };
		8F10EF4B23FC2838008139ED /* WeatherViewController.swift */ = {isa = PBXFileReference; lastKnownFileType = sourcecode.swift; path = WeatherViewController.swift; sourceTree = "<group>"; };
		8F10EF5023FC2D83008139ED /* ForecastCell.swift */ = {isa = PBXFileReference; lastKnownFileType = sourcecode.swift; path = ForecastCell.swift; sourceTree = "<group>"; };
		8F10EF5123FC2D83008139ED /* ForecastCell.xib */ = {isa = PBXFileReference; lastKnownFileType = file.xib; path = ForecastCell.xib; sourceTree = "<group>"; };
		8F10EF5523FC2DBD008139ED /* ForecastHeader.swift */ = {isa = PBXFileReference; lastKnownFileType = sourcecode.swift; path = ForecastHeader.swift; sourceTree = "<group>"; };
		8F10EF5723FC2DC8008139ED /* ForecastHeader.xib */ = {isa = PBXFileReference; lastKnownFileType = file.xib; path = ForecastHeader.xib; sourceTree = "<group>"; };
		8F10EF5A23FC2E83008139ED /* ForecastCellModel.swift */ = {isa = PBXFileReference; lastKnownFileType = sourcecode.swift; path = ForecastCellModel.swift; sourceTree = "<group>"; };
		8F10EF5C23FC2E9A008139ED /* ForecastHeaderModel.swift */ = {isa = PBXFileReference; lastKnownFileType = sourcecode.swift; path = ForecastHeaderModel.swift; sourceTree = "<group>"; };
		8F10EF5E23FC423F008139ED /* ForecastSectionModel.swift */ = {isa = PBXFileReference; lastKnownFileType = sourcecode.swift; path = ForecastSectionModel.swift; sourceTree = "<group>"; };
		8F10EF6023FC4E30008139ED /* Forecast.swift */ = {isa = PBXFileReference; lastKnownFileType = sourcecode.swift; path = Forecast.swift; sourceTree = "<group>"; };
		8FB2D10423F841A0004BAD09 /* Weather.app */ = {isa = PBXFileReference; explicitFileType = wrapper.application; includeInIndex = 0; path = Weather.app; sourceTree = BUILT_PRODUCTS_DIR; };
		8FB2D10723F841A0004BAD09 /* AppDelegate.swift */ = {isa = PBXFileReference; lastKnownFileType = sourcecode.swift; path = AppDelegate.swift; sourceTree = "<group>"; };
		8FB2D10923F841A0004BAD09 /* SceneDelegate.swift */ = {isa = PBXFileReference; lastKnownFileType = sourcecode.swift; path = SceneDelegate.swift; sourceTree = "<group>"; };
		8FB2D10B23F841A0004BAD09 /* WeatherController.swift */ = {isa = PBXFileReference; lastKnownFileType = sourcecode.swift; path = WeatherController.swift; sourceTree = "<group>"; };
		8FB2D11023F841A2004BAD09 /* Assets.xcassets */ = {isa = PBXFileReference; lastKnownFileType = folder.assetcatalog; path = Assets.xcassets; sourceTree = "<group>"; };
		8FB2D11323F841A2004BAD09 /* Base */ = {isa = PBXFileReference; lastKnownFileType = file.storyboard; name = Base; path = Base.lproj/LaunchScreen.storyboard; sourceTree = "<group>"; };
		8FB2D11523F841A2004BAD09 /* Info.plist */ = {isa = PBXFileReference; lastKnownFileType = text.plist.xml; path = Info.plist; sourceTree = "<group>"; };
		8FB2D11C23F8549D004BAD09 /* TodayViewController.swift */ = {isa = PBXFileReference; lastKnownFileType = sourcecode.swift; path = TodayViewController.swift; sourceTree = "<group>"; };
		8FB2D11E23F854A8004BAD09 /* ForecastViewController.swift */ = {isa = PBXFileReference; lastKnownFileType = sourcecode.swift; path = ForecastViewController.swift; sourceTree = "<group>"; };
		8FC215FF23F955F500AD8036 /* CurrentWeather.swift */ = {isa = PBXFileReference; lastKnownFileType = sourcecode.swift; path = CurrentWeather.swift; sourceTree = "<group>"; };
		8FC7850023FAF40900EB4B6F /* Main.storyboard */ = {isa = PBXFileReference; lastKnownFileType = file.storyboard; path = Main.storyboard; sourceTree = "<group>"; };
/* End PBXFileReference section */

/* Begin PBXFrameworksBuildPhase section */
		8FB2D10123F841A0004BAD09 /* Frameworks */ = {
			isa = PBXFrameworksBuildPhase;
			buildActionMask = 2147483647;
			files = (
			);
			runOnlyForDeploymentPostprocessing = 0;
		};
/* End PBXFrameworksBuildPhase section */

/* Begin PBXGroup section */
		8F10EF4D23FC2D51008139ED /* Cells */ = {
			isa = PBXGroup;
			children = (
				8F10EF5023FC2D83008139ED /* ForecastCell.swift */,
				8F10EF5123FC2D83008139ED /* ForecastCell.xib */,
			);
			path = Cells;
			sourceTree = "<group>";
		};
		8F10EF5423FC2D95008139ED /* Headers */ = {
			isa = PBXGroup;
			children = (
				8F10EF5523FC2DBD008139ED /* ForecastHeader.swift */,
				8F10EF5723FC2DC8008139ED /* ForecastHeader.xib */,
			);
			path = Headers;
			sourceTree = "<group>";
		};
		8F10EF5923FC2E56008139ED /* JSON */ = {
			isa = PBXGroup;
			children = (
				8FC215FF23F955F500AD8036 /* CurrentWeather.swift */,
				8F10EF6023FC4E30008139ED /* Forecast.swift */,
			);
			path = JSON;
			sourceTree = "<group>";
		};
		8FB2D0FB23F841A0004BAD09 = {
			isa = PBXGroup;
			children = (
				8FB2D10623F841A0004BAD09 /* Weather */,
				8FB2D10523F841A0004BAD09 /* Products */,
			);
			sourceTree = "<group>";
		};
		8FB2D10523F841A0004BAD09 /* Products */ = {
			isa = PBXGroup;
			children = (
				8FB2D10423F841A0004BAD09 /* Weather.app */,
			);
			name = Products;
			sourceTree = "<group>";
		};
		8FB2D10623F841A0004BAD09 /* Weather */ = {
			isa = PBXGroup;
			children = (
				8F10EF5423FC2D95008139ED /* Headers */,
				8F10EF4D23FC2D51008139ED /* Cells */,
				8FC2160323F961FF00AD8036 /* Reusables */,
				8FC215FE23F955BF00AD8036 /* Models */,
				8FB2D11B23F85488004BAD09 /* Controllers */,
				8FB2D10723F841A0004BAD09 /* AppDelegate.swift */,
				8FB2D10923F841A0004BAD09 /* SceneDelegate.swift */,
				8FB2D10B23F841A0004BAD09 /* WeatherController.swift */,
				8FB2D11023F841A2004BAD09 /* Assets.xcassets */,
				8FB2D11223F841A2004BAD09 /* LaunchScreen.storyboard */,
				8FB2D11523F841A2004BAD09 /* Info.plist */,
				8FC7850023FAF40900EB4B6F /* Main.storyboard */,
			);
			path = Weather;
			sourceTree = "<group>";
		};
		8FB2D11B23F85488004BAD09 /* Controllers */ = {
			isa = PBXGroup;
			children = (
				8FB2D11C23F8549D004BAD09 /* TodayViewController.swift */,
				8FB2D11E23F854A8004BAD09 /* ForecastViewController.swift */,
				8F10EF4B23FC2838008139ED /* WeatherViewController.swift */,
			);
			path = Controllers;
			sourceTree = "<group>";
		};
		8FC215FE23F955BF00AD8036 /* Models */ = {
			isa = PBXGroup;
			children = (
				8F10EF5923FC2E56008139ED /* JSON */,
				8F10EF5A23FC2E83008139ED /* ForecastCellModel.swift */,
				8F10EF5C23FC2E9A008139ED /* ForecastHeaderModel.swift */,
				8F10EF5E23FC423F008139ED /* ForecastSectionModel.swift */,
			);
			path = Models;
			sourceTree = "<group>";
		};
		8FC2160323F961FF00AD8036 /* Reusables */ = {
			isa = PBXGroup;
			children = (
				8F10EF4323FB05C7008139ED /* WeatherDetailView.swift */,
				8F10EF4423FB05C7008139ED /* WeatherDetailView.xib */,
			);
			path = Reusables;
			sourceTree = "<group>";
		};
/* End PBXGroup section */

/* Begin PBXNativeTarget section */
		8FB2D10323F841A0004BAD09 /* Weather */ = {
			isa = PBXNativeTarget;
			buildConfigurationList = 8FB2D11823F841A2004BAD09 /* Build configuration list for PBXNativeTarget "Weather" */;
			buildPhases = (
				8FB2D10023F841A0004BAD09 /* Sources */,
				8FB2D10123F841A0004BAD09 /* Frameworks */,
				8FB2D10223F841A0004BAD09 /* Resources */,
			);
			buildRules = (
			);
			dependencies = (
			);
			name = Weather;
			productName = Weather;
			productReference = 8FB2D10423F841A0004BAD09 /* Weather.app */;
			productType = "com.apple.product-type.application";
		};
/* End PBXNativeTarget section */

/* Begin PBXProject section */
		8FB2D0FC23F841A0004BAD09 /* Project object */ = {
			isa = PBXProject;
			attributes = {
				LastSwiftUpdateCheck = 1130;
				LastUpgradeCheck = 1130;
				ORGANIZATIONNAME = "Irakli Chkuaseli";
				TargetAttributes = {
					8FB2D10323F841A0004BAD09 = {
						CreatedOnToolsVersion = 11.3.1;
					};
				};
			};
			buildConfigurationList = 8FB2D0FF23F841A0004BAD09 /* Build configuration list for PBXProject "Weather" */;
			compatibilityVersion = "Xcode 9.3";
			developmentRegion = en;
			hasScannedForEncodings = 0;
			knownRegions = (
				en,
				Base,
			);
			mainGroup = 8FB2D0FB23F841A0004BAD09;
			productRefGroup = 8FB2D10523F841A0004BAD09 /* Products */;
			projectDirPath = "";
			projectRoot = "";
			targets = (
				8FB2D10323F841A0004BAD09 /* Weather */,
			);
		};
/* End PBXProject section */

/* Begin PBXResourcesBuildPhase section */
		8FB2D10223F841A0004BAD09 /* Resources */ = {
			isa = PBXResourcesBuildPhase;
			buildActionMask = 2147483647;
			files = (
				8F10EF4623FB05C7008139ED /* WeatherDetailView.xib in Resources */,
				8FC7850123FAF40900EB4B6F /* Main.storyboard in Resources */,
				8F10EF5323FC2D83008139ED /* ForecastCell.xib in Resources */,
				8F10EF5823FC2DC8008139ED /* ForecastHeader.xib in Resources */,
				8FB2D11423F841A2004BAD09 /* LaunchScreen.storyboard in Resources */,
				8FB2D11123F841A2004BAD09 /* Assets.xcassets in Resources */,
			);
			runOnlyForDeploymentPostprocessing = 0;
		};
/* End PBXResourcesBuildPhase section */

/* Begin PBXSourcesBuildPhase section */
		8FB2D10023F841A0004BAD09 /* Sources */ = {
			isa = PBXSourcesBuildPhase;
			buildActionMask = 2147483647;
			files = (
				8F10EF4523FB05C7008139ED /* WeatherDetailView.swift in Sources */,
				8F10EF5F23FC423F008139ED /* ForecastSectionModel.swift in Sources */,
				8F10EF6123FC4E30008139ED /* Forecast.swift in Sources */,
				8F10EF5D23FC2E9A008139ED /* ForecastHeaderModel.swift in Sources */,
				8F10EF5B23FC2E83008139ED /* ForecastCellModel.swift in Sources */,
				8F10EF5623FC2DBD008139ED /* ForecastHeader.swift in Sources */,
				8FB2D11D23F8549D004BAD09 /* TodayViewController.swift in Sources */,
				8FC2160023F955F500AD8036 /* CurrentWeather.swift in Sources */,
				8FB2D10C23F841A0004BAD09 /* WeatherController.swift in Sources */,
				8F10EF5223FC2D83008139ED /* ForecastCell.swift in Sources */,
				8FB2D11F23F854A8004BAD09 /* ForecastViewController.swift in Sources */,
				8F10EF4C23FC2838008139ED /* WeatherViewController.swift in Sources */,
				8FB2D10823F841A0004BAD09 /* AppDelegate.swift in Sources */,
				8FB2D10A23F841A0004BAD09 /* SceneDelegate.swift in Sources */,
			);
			runOnlyForDeploymentPostprocessing = 0;
		};
/* End PBXSourcesBuildPhase section */

/* Begin PBXVariantGroup section */
		8FB2D11223F841A2004BAD09 /* LaunchScreen.storyboard */ = {
			isa = PBXVariantGroup;
			children = (
				8FB2D11323F841A2004BAD09 /* Base */,
			);
			name = LaunchScreen.storyboard;
			sourceTree = "<group>";
		};
/* End PBXVariantGroup section */

/* Begin XCBuildConfiguration section */
		8FB2D11623F841A2004BAD09 /* Debug */ = {
			isa = XCBuildConfiguration;
			buildSettings = {
				ALWAYS_SEARCH_USER_PATHS = NO;
				CLANG_ANALYZER_NONNULL = YES;
				CLANG_ANALYZER_NUMBER_OBJECT_CONVERSION = YES_AGGRESSIVE;
				CLANG_CXX_LANGUAGE_STANDARD = "gnu++14";
				CLANG_CXX_LIBRARY = "libc++";
				CLANG_ENABLE_MODULES = YES;
				CLANG_ENABLE_OBJC_ARC = YES;
				CLANG_ENABLE_OBJC_WEAK = YES;
				CLANG_WARN_BLOCK_CAPTURE_AUTORELEASING = YES;
				CLANG_WARN_BOOL_CONVERSION = YES;
				CLANG_WARN_COMMA = YES;
				CLANG_WARN_CONSTANT_CONVERSION = YES;
				CLANG_WARN_DEPRECATED_OBJC_IMPLEMENTATIONS = YES;
				CLANG_WARN_DIRECT_OBJC_ISA_USAGE = YES_ERROR;
				CLANG_WARN_DOCUMENTATION_COMMENTS = YES;
				CLANG_WARN_EMPTY_BODY = YES;
				CLANG_WARN_ENUM_CONVERSION = YES;
				CLANG_WARN_INFINITE_RECURSION = YES;
				CLANG_WARN_INT_CONVERSION = YES;
				CLANG_WARN_NON_LITERAL_NULL_CONVERSION = YES;
				CLANG_WARN_OBJC_IMPLICIT_RETAIN_SELF = YES;
				CLANG_WARN_OBJC_LITERAL_CONVERSION = YES;
				CLANG_WARN_OBJC_ROOT_CLASS = YES_ERROR;
				CLANG_WARN_RANGE_LOOP_ANALYSIS = YES;
				CLANG_WARN_STRICT_PROTOTYPES = YES;
				CLANG_WARN_SUSPICIOUS_MOVE = YES;
				CLANG_WARN_UNGUARDED_AVAILABILITY = YES_AGGRESSIVE;
				CLANG_WARN_UNREACHABLE_CODE = YES;
				CLANG_WARN__DUPLICATE_METHOD_MATCH = YES;
				COPY_PHASE_STRIP = NO;
				DEBUG_INFORMATION_FORMAT = dwarf;
				ENABLE_STRICT_OBJC_MSGSEND = YES;
				ENABLE_TESTABILITY = YES;
				GCC_C_LANGUAGE_STANDARD = gnu11;
				GCC_DYNAMIC_NO_PIC = NO;
				GCC_NO_COMMON_BLOCKS = YES;
				GCC_OPTIMIZATION_LEVEL = 0;
				GCC_PREPROCESSOR_DEFINITIONS = (
					"DEBUG=1",
					"$(inherited)",
				);
				GCC_WARN_64_TO_32_BIT_CONVERSION = YES;
				GCC_WARN_ABOUT_RETURN_TYPE = YES_ERROR;
				GCC_WARN_UNDECLARED_SELECTOR = YES;
				GCC_WARN_UNINITIALIZED_AUTOS = YES_AGGRESSIVE;
				GCC_WARN_UNUSED_FUNCTION = YES;
				GCC_WARN_UNUSED_VARIABLE = YES;
				IPHONEOS_DEPLOYMENT_TARGET = 13.2;
				MTL_ENABLE_DEBUG_INFO = INCLUDE_SOURCE;
				MTL_FAST_MATH = YES;
				ONLY_ACTIVE_ARCH = YES;
				SDKROOT = iphoneos;
				SWIFT_ACTIVE_COMPILATION_CONDITIONS = DEBUG;
				SWIFT_OPTIMIZATION_LEVEL = "-Onone";
			};
			name = Debug;
		};
		8FB2D11723F841A2004BAD09 /* Release */ = {
			isa = XCBuildConfiguration;
			buildSettings = {
				ALWAYS_SEARCH_USER_PATHS = NO;
				CLANG_ANALYZER_NONNULL = YES;
				CLANG_ANALYZER_NUMBER_OBJECT_CONVERSION = YES_AGGRESSIVE;
				CLANG_CXX_LANGUAGE_STANDARD = "gnu++14";
				CLANG_CXX_LIBRARY = "libc++";
				CLANG_ENABLE_MODULES = YES;
				CLANG_ENABLE_OBJC_ARC = YES;
				CLANG_ENABLE_OBJC_WEAK = YES;
				CLANG_WARN_BLOCK_CAPTURE_AUTORELEASING = YES;
				CLANG_WARN_BOOL_CONVERSION = YES;
				CLANG_WARN_COMMA = YES;
				CLANG_WARN_CONSTANT_CONVERSION = YES;
				CLANG_WARN_DEPRECATED_OBJC_IMPLEMENTATIONS = YES;
				CLANG_WARN_DIRECT_OBJC_ISA_USAGE = YES_ERROR;
				CLANG_WARN_DOCUMENTATION_COMMENTS = YES;
				CLANG_WARN_EMPTY_BODY = YES;
				CLANG_WARN_ENUM_CONVERSION = YES;
				CLANG_WARN_INFINITE_RECURSION = YES;
				CLANG_WARN_INT_CONVERSION = YES;
				CLANG_WARN_NON_LITERAL_NULL_CONVERSION = YES;
				CLANG_WARN_OBJC_IMPLICIT_RETAIN_SELF = YES;
				CLANG_WARN_OBJC_LITERAL_CONVERSION = YES;
				CLANG_WARN_OBJC_ROOT_CLASS = YES_ERROR;
				CLANG_WARN_RANGE_LOOP_ANALYSIS = YES;
				CLANG_WARN_STRICT_PROTOTYPES = YES;
				CLANG_WARN_SUSPICIOUS_MOVE = YES;
				CLANG_WARN_UNGUARDED_AVAILABILITY = YES_AGGRESSIVE;
				CLANG_WARN_UNREACHABLE_CODE = YES;
				CLANG_WARN__DUPLICATE_METHOD_MATCH = YES;
				COPY_PHASE_STRIP = NO;
				DEBUG_INFORMATION_FORMAT = "dwarf-with-dsym";
				ENABLE_NS_ASSERTIONS = NO;
				ENABLE_STRICT_OBJC_MSGSEND = YES;
				GCC_C_LANGUAGE_STANDARD = gnu11;
				GCC_NO_COMMON_BLOCKS = YES;
				GCC_WARN_64_TO_32_BIT_CONVERSION = YES;
				GCC_WARN_ABOUT_RETURN_TYPE = YES_ERROR;
				GCC_WARN_UNDECLARED_SELECTOR = YES;
				GCC_WARN_UNINITIALIZED_AUTOS = YES_AGGRESSIVE;
				GCC_WARN_UNUSED_FUNCTION = YES;
				GCC_WARN_UNUSED_VARIABLE = YES;
				IPHONEOS_DEPLOYMENT_TARGET = 13.2;
				MTL_ENABLE_DEBUG_INFO = NO;
				MTL_FAST_MATH = YES;
				SDKROOT = iphoneos;
				SWIFT_COMPILATION_MODE = wholemodule;
				SWIFT_OPTIMIZATION_LEVEL = "-O";
				VALIDATE_PRODUCT = YES;
			};
			name = Release;
		};
		8FB2D11923F841A2004BAD09 /* Debug */ = {
			isa = XCBuildConfiguration;
			buildSettings = {
				ASSETCATALOG_COMPILER_APPICON_NAME = AppIcon;
				CODE_SIGN_STYLE = Automatic;
				DEVELOPMENT_TEAM = 32D994C38X;
				INFOPLIST_FILE = Weather/Info.plist;
				LD_RUNPATH_SEARCH_PATHS = (
					"$(inherited)",
					"@executable_path/Frameworks",
				);
				PRODUCT_BUNDLE_IDENTIFIER = ge.edu.freeuni.Weather;
				PRODUCT_NAME = "$(TARGET_NAME)";
				SWIFT_VERSION = 5.0;
				TARGETED_DEVICE_FAMILY = "1,2";
			};
			name = Debug;
		};
		8FB2D11A23F841A2004BAD09 /* Release */ = {
			isa = XCBuildConfiguration;
			buildSettings = {
				ASSETCATALOG_COMPILER_APPICON_NAME = AppIcon;
				CODE_SIGN_STYLE = Automatic;
				DEVELOPMENT_TEAM = 32D994C38X;
				INFOPLIST_FILE = Weather/Info.plist;
				LD_RUNPATH_SEARCH_PATHS = (
					"$(inherited)",
					"@executable_path/Frameworks",
				);
				PRODUCT_BUNDLE_IDENTIFIER = ge.edu.freeuni.Weather;
				PRODUCT_NAME = "$(TARGET_NAME)";
				SWIFT_VERSION = 5.0;
				TARGETED_DEVICE_FAMILY = "1,2";
			};
			name = Release;
		};
/* End XCBuildConfiguration section */

/* Begin XCConfigurationList section */
		8FB2D0FF23F841A0004BAD09 /* Build configuration list for PBXProject "Weather" */ = {
			isa = XCConfigurationList;
			buildConfigurations = (
				8FB2D11623F841A2004BAD09 /* Debug */,
				8FB2D11723F841A2004BAD09 /* Release */,
			);
			defaultConfigurationIsVisible = 0;
			defaultConfigurationName = Release;
		};
		8FB2D11823F841A2004BAD09 /* Build configuration list for PBXNativeTarget "Weather" */ = {
			isa = XCConfigurationList;
			buildConfigurations = (
				8FB2D11923F841A2004BAD09 /* Debug */,
				8FB2D11A23F841A2004BAD09 /* Release */,
			);
			defaultConfigurationIsVisible = 0;
			defaultConfigurationName = Release;
		};
/* End XCConfigurationList section */
	};
	rootObject = 8FB2D0FC23F841A0004BAD09 /* Project object */;
}
